<?xml version="1.0" encoding="utf-8"?>
<Project ToolsVersion="14.0" xmlns="http://schemas.microsoft.com/developer/msbuild/2003">
  <ItemGroup>
    <ClCompile Include="$(ProjectRoot)src\stdafx.cpp">
      <Filter>src</Filter>
    </ClCompile>
    <ClCompile Include="$(ProjectRoot)src\main.cpp">
      <Filter>src</Filter>
    </ClCompile>
    <ClCompile Include="..\src\init.cpp">
      <Filter>src</Filter>
    </ClCompile>
    <ClCompile Include="..\src\windows-api-ex.cpp">
      <Filter>src</Filter>
    </ClCompile>
  </ItemGroup>
  <ItemGroup>
    <Filter Include="src">
      <UniqueIdentifier>{1b7a5856-0359-4752-91a5-2bad7ae5de66}</UniqueIdentifier>
    </Filter>
    <Filter Include="res">
      <UniqueIdentifier>{f7f4987f-a0c5-41f0-971e-b399d07d7cc2}</UniqueIdentifier>
    </Filter>
  </ItemGroup>
  <ItemGroup>
    <Image Include="$(ProjectRoot)resources\main_icon.ico">
      <Filter>res</Filter>
    </Image>
  </ItemGroup>
  <ItemGroup>
    <ClInclude Include="..\src\macros.h">
      <Filter>src</Filter>
    </ClInclude>
    <ClInclude Include="..\src\nowarns.h">
      <Filter>src</Filter>
    </ClInclude>
    <ClInclude Include="..\src\stdafx.h">
      <Filter>src</Filter>
    </ClInclude>
    <ClInclude Include="..\src\targetver.h">
      <Filter>src</Filter>
    </ClInclude>
    <ClInclude Include="..\src\windows-api-ex.h">
      <Filter>src</Filter>
    </ClInclude>
  </ItemGroup>
</Project>